
Microsoft Visual Studio Solution File, Format Version 12.00
# Visual Studio Version 16
VisualStudioVersion = 16.0.32228.343
MinimumVisualStudioVersion = 10.0.40219.1
Project("{FAE04EC0-301F-11D3-BF4B-00C04F79EFBC}") = "EjercicioServerSocket", "EjercicioServerSocket\EjercicioServerSocket.csproj", "{F7442796-F22A-4DB8-94EE-EBFB7EDFC6AA}"
EndProject
Project("{FAE04EC0-301F-11D3-BF4B-00C04F79EFBC}") = "EjercicioSocketUtils", "EjercicioSocketUtils\EjercicioSocketUtils.csproj", "{19090038-A1A8-4080-BADB-3FD66228FF08}"
EndProject
Project("{FAE04EC0-301F-11D3-BF4B-00C04F79EFBC}") = "EjercicioCliente", "EjercicioCliente\EjercicioCliente.csproj", "{828C0072-335D-489E-AC92-82098D13781E}"
EndProject
Global
	GlobalSection(SolutionConfigurationPlatforms) = preSolution
		Debug|Any CPU = Debug|Any CPU
		Release|Any CPU = Release|Any CPU
	EndGlobalSection
	GlobalSection(ProjectConfigurationPlatforms) = postSolution
		{F7442796-F22A-4DB8-94EE-EBFB7EDFC6AA}.Debug|Any CPU.ActiveCfg = Debug|Any CPU
		{F7442796-F22A-4DB8-94EE-EBFB7EDFC6AA}.Debug|Any CPU.Build.0 = Debug|Any CPU
		{F7442796-F22A-4DB8-94EE-EBFB7EDFC6AA}.Release|Any CPU.ActiveCfg = Release|Any CPU
		{F7442796-F22A-4DB8-94EE-EBFB7EDFC6AA}.Release|Any CPU.Build.0 = Release|Any CPU
		{19090038-A1A8-4080-BADB-3FD66228FF08}.Debug|Any CPU.ActiveCfg = Debug|Any CPU
		{19090038-A1A8-4080-BADB-3FD66228FF08}.Debug|Any CPU.Build.0 = Debug|Any CPU
		{19090038-A1A8-4080-BADB-3FD66228FF08}.Release|Any CPU.ActiveCfg = Release|Any CPU
		{19090038-A1A8-4080-BADB-3FD66228FF08}.Release|Any CPU.Build.0 = Release|Any CPU
		{828C0072-335D-489E-AC92-82098D13781E}.Debug|Any CPU.ActiveCfg = Debug|Any CPU
		{828C0072-335D-489E-AC92-82098D13781E}.Debug|Any CPU.Build.0 = Debug|Any CPU
		{828C0072-335D-489E-AC92-82098D13781E}.Release|Any CPU.ActiveCfg = Release|Any CPU
		{828C0072-335D-489E-AC92-82098D13781E}.Release|Any CPU.Build.0 = Release|Any CPU
	EndGlobalSection
	GlobalSection(SolutionProperties) = preSolution
		HideSolutionNode = FALSE
	EndGlobalSection
	GlobalSection(ExtensibilityGlobals) = postSolution
		SolutionGuid = {4D98539B-3437-46E3-9901-37D13832FC0E}
	EndGlobalSection
EndGlobal
